
Microsoft Visual Studio Solution File, Format Version 12.00
# Visual Studio Version 16
VisualStudioVersion = 16.0.30803.129
MinimumVisualStudioVersion = 10.0.40219.1
Project("{FAE04EC0-301F-11D3-BF4B-00C04F79EFBC}") = "toh", "toh.csproj", "{B98E1313-8BE8-498E-A3E0-E7B4195F30F5}"
EndProject
Global
	GlobalSection(SolutionConfigurationPlatforms) = preSolution
		Debug|x86 = Debug|x86
		Release|x86 = Release|x86
	EndGlobalSection
	GlobalSection(ProjectConfigurationPlatforms) = postSolution
		{B98E1313-8BE8-498E-A3E0-E7B4195F30F5}.Debug|x86.ActiveCfg = Debug|x86
		{B98E1313-8BE8-498E-A3E0-E7B4195F30F5}.Debug|x86.Build.0 = Debug|x86
		{B98E1313-8BE8-498E-A3E0-E7B4195F30F5}.Release|x86.ActiveCfg = Release|x86
		{B98E1313-8BE8-498E-A3E0-E7B4195F30F5}.Release|x86.Build.0 = Release|x86
	EndGlobalSection
	GlobalSection(SolutionProperties) = preSolution
		HideSolutionNode = FALSE
	EndGlobalSection
	GlobalSection(ExtensibilityGlobals) = postSolution
		SolutionGuid = {FD876F17-4F3B-4752-A7DE-69D769C35946}
	EndGlobalSection
EndGlobal
